
Microsoft Visual Studio Solution File, Format Version 12.00
# Visual Studio 2013
VisualStudioVersion = 12.0.30723.0
MinimumVisualStudioVersion = 10.0.40219.1
Project("{FAE04EC0-301F-11D3-BF4B-00C04F79EFBC}") = "JqGrid.Contrib.Web", "JqGrid.Contrib.Web\JqGrid.Contrib.Web.csproj", "{C22EA78A-D341-4784-AC9D-68F4927B6E05}"
EndProject
Project("{FAE04EC0-301F-11D3-BF4B-00C04F79EFBC}") = "JqGrid.Contrib", "JqGrid.Contrib\JqGrid.Contrib.csproj", "{05D751D1-ECE9-464C-80EE-D88F1C18898D}"
EndProject
Global
	GlobalSection(SolutionConfigurationPlatforms) = preSolution
		Debug|Any CPU = Debug|Any CPU
		Release|Any CPU = Release|Any CPU
	EndGlobalSection
	GlobalSection(ProjectConfigurationPlatforms) = postSolution
		{C22EA78A-D341-4784-AC9D-68F4927B6E05}.Debug|Any CPU.ActiveCfg = Debug|Any CPU
		{C22EA78A-D341-4784-AC9D-68F4927B6E05}.Debug|Any CPU.Build.0 = Debug|Any CPU
		{C22EA78A-D341-4784-AC9D-68F4927B6E05}.Release|Any CPU.ActiveCfg = Release|Any CPU
		{C22EA78A-D341-4784-AC9D-68F4927B6E05}.Release|Any CPU.Build.0 = Release|Any CPU
		{05D751D1-ECE9-464C-80EE-D88F1C18898D}.Debug|Any CPU.ActiveCfg = Debug|Any CPU
		{05D751D1-ECE9-464C-80EE-D88F1C18898D}.Debug|Any CPU.Build.0 = Debug|Any CPU
		{05D751D1-ECE9-464C-80EE-D88F1C18898D}.Release|Any CPU.ActiveCfg = Release|Any CPU
		{05D751D1-ECE9-464C-80EE-D88F1C18898D}.Release|Any CPU.Build.0 = Release|Any CPU
	EndGlobalSection
	GlobalSection(SolutionProperties) = preSolution
		HideSolutionNode = FALSE
	EndGlobalSection
EndGlobal
